
Microsoft Visual Studio Solution File, Format Version 12.00
# Visual Studio Version 17
VisualStudioVersion = 17.8.34322.80
MinimumVisualStudioVersion = 10.0.40219.1
Project("{9A19103F-16F7-4668-BE54-9A1E7A4F7556}") = "BeautySalon.API", "BeautySalon.UI\BeautySalon.API.csproj", "{8C79786D-8AAB-46C2-8266-2A411237F453}"
EndProject
Project("{9A19103F-16F7-4668-BE54-9A1E7A4F7556}") = "BeautySalon.Models", "BeautySalon.Models\BeautySalon.Models.csproj", "{92C6E491-7482-4ED3-9829-0D414E16E6CA}"
EndProject
Project("{9A19103F-16F7-4668-BE54-9A1E7A4F7556}") = "BeautySalon.InfraStructure", "BeautySalon.InfraStructure\BeautySalon.InfraStructure.csproj", "{9FBF96F2-730E-4CEF-9B17-D121345E3166}"
EndProject
Project("{FAE04EC0-301F-11D3-BF4B-00C04F79EFBC}") = "BeautySalon.Application", "BeautySalon.Application\BeautySalon.Application.csproj", "{A6E40451-C2F2-4BD9-9C36-182A1029B935}"
EndProject
Global
	GlobalSection(SolutionConfigurationPlatforms) = preSolution
		Debug|Any CPU = Debug|Any CPU
		Release|Any CPU = Release|Any CPU
	EndGlobalSection
	GlobalSection(ProjectConfigurationPlatforms) = postSolution
		{8C79786D-8AAB-46C2-8266-2A411237F453}.Debug|Any CPU.ActiveCfg = Debug|Any CPU
		{8C79786D-8AAB-46C2-8266-2A411237F453}.Debug|Any CPU.Build.0 = Debug|Any CPU
		{8C79786D-8AAB-46C2-8266-2A411237F453}.Release|Any CPU.ActiveCfg = Release|Any CPU
		{8C79786D-8AAB-46C2-8266-2A411237F453}.Release|Any CPU.Build.0 = Release|Any CPU
		{92C6E491-7482-4ED3-9829-0D414E16E6CA}.Debug|Any CPU.ActiveCfg = Debug|Any CPU
		{92C6E491-7482-4ED3-9829-0D414E16E6CA}.Debug|Any CPU.Build.0 = Debug|Any CPU
		{92C6E491-7482-4ED3-9829-0D414E16E6CA}.Release|Any CPU.ActiveCfg = Release|Any CPU
		{92C6E491-7482-4ED3-9829-0D414E16E6CA}.Release|Any CPU.Build.0 = Release|Any CPU
		{9FBF96F2-730E-4CEF-9B17-D121345E3166}.Debug|Any CPU.ActiveCfg = Debug|Any CPU
		{9FBF96F2-730E-4CEF-9B17-D121345E3166}.Debug|Any CPU.Build.0 = Debug|Any CPU
		{9FBF96F2-730E-4CEF-9B17-D121345E3166}.Release|Any CPU.ActiveCfg = Release|Any CPU
		{9FBF96F2-730E-4CEF-9B17-D121345E3166}.Release|Any CPU.Build.0 = Release|Any CPU
		{A6E40451-C2F2-4BD9-9C36-182A1029B935}.Debug|Any CPU.ActiveCfg = Debug|Any CPU
		{A6E40451-C2F2-4BD9-9C36-182A1029B935}.Debug|Any CPU.Build.0 = Debug|Any CPU
		{A6E40451-C2F2-4BD9-9C36-182A1029B935}.Release|Any CPU.ActiveCfg = Release|Any CPU
		{A6E40451-C2F2-4BD9-9C36-182A1029B935}.Release|Any CPU.Build.0 = Release|Any CPU
	EndGlobalSection
	GlobalSection(SolutionProperties) = preSolution
		HideSolutionNode = FALSE
	EndGlobalSection
	GlobalSection(ExtensibilityGlobals) = postSolution
		SolutionGuid = {333BA0BB-2283-4848-B5E8-A117B64D2DF6}
	EndGlobalSection
EndGlobal
